
Microsoft Visual Studio Solution File, Format Version 12.00
# Visual Studio Version 16
VisualStudioVersion = 16.0.31702.278
MinimumVisualStudioVersion = 10.0.40219.1
Project("{FAE04EC0-301F-11D3-BF4B-00C04F79EFBC}") = "MazeGen", "MazeGen\MazeGen.csproj", "{C82B4F52-156D-4B27-B304-1E95AD53D003}"
EndProject
Global
	GlobalSection(SolutionConfigurationPlatforms) = preSolution
		Debug|Any CPU = Debug|Any CPU
		Release|Any CPU = Release|Any CPU
	EndGlobalSection
	GlobalSection(ProjectConfigurationPlatforms) = postSolution
		{C82B4F52-156D-4B27-B304-1E95AD53D003}.Debug|Any CPU.ActiveCfg = Debug|Any CPU
		{C82B4F52-156D-4B27-B304-1E95AD53D003}.Debug|Any CPU.Build.0 = Debug|Any CPU
		{C82B4F52-156D-4B27-B304-1E95AD53D003}.Release|Any CPU.ActiveCfg = Release|Any CPU
		{C82B4F52-156D-4B27-B304-1E95AD53D003}.Release|Any CPU.Build.0 = Release|Any CPU
	EndGlobalSection
	GlobalSection(SolutionProperties) = preSolution
		HideSolutionNode = FALSE
	EndGlobalSection
	GlobalSection(ExtensibilityGlobals) = postSolution
		SolutionGuid = {3D203780-4E43-4ABC-8E69-8CE3116BF459}
	EndGlobalSection
EndGlobal
